
Microsoft Visual Studio Solution File, Format Version 12.00
# Visual Studio Version 17
VisualStudioVersion = 17.13.35825.156
MinimumVisualStudioVersion = 10.0.40219.1
Project("{FAE04EC0-301F-11D3-BF4B-00C04F79EFBC}") = "DAS-Grupo09-ProyectoFase2", "DAS-Grupo09-ProyectoFase2.csproj", "{A03AA24B-1836-3850-9895-551F3FB7BD78}"
EndProject
Project("{FAE04EC0-301F-11D3-BF4B-00C04F79EFBC}") = "DAS-Grupo09-ProyectoFase2Rest", "DAS-Grupo09-ProyectoFase2Rest\DAS-Grupo09-ProyectoFase2Rest.csproj", "{E75761ED-6BF0-F911-9B3E-7F91B87F92F7}"
EndProject
Global
	GlobalSection(SolutionConfigurationPlatforms) = preSolution
		Debug|Any CPU = Debug|Any CPU
		Release|Any CPU = Release|Any CPU
	EndGlobalSection
	GlobalSection(ProjectConfigurationPlatforms) = postSolution
		{A03AA24B-1836-3850-9895-551F3FB7BD78}.Debug|Any CPU.ActiveCfg = Debug|Any CPU
		{A03AA24B-1836-3850-9895-551F3FB7BD78}.Debug|Any CPU.Build.0 = Debug|Any CPU
		{A03AA24B-1836-3850-9895-551F3FB7BD78}.Release|Any CPU.ActiveCfg = Release|Any CPU
		{A03AA24B-1836-3850-9895-551F3FB7BD78}.Release|Any CPU.Build.0 = Release|Any CPU
		{E75761ED-6BF0-F911-9B3E-7F91B87F92F7}.Debug|Any CPU.ActiveCfg = Debug|Any CPU
		{E75761ED-6BF0-F911-9B3E-7F91B87F92F7}.Debug|Any CPU.Build.0 = Debug|Any CPU
		{E75761ED-6BF0-F911-9B3E-7F91B87F92F7}.Release|Any CPU.ActiveCfg = Release|Any CPU
		{E75761ED-6BF0-F911-9B3E-7F91B87F92F7}.Release|Any CPU.Build.0 = Release|Any CPU
	EndGlobalSection
	GlobalSection(SolutionProperties) = preSolution
		HideSolutionNode = FALSE
	EndGlobalSection
	GlobalSection(ExtensibilityGlobals) = postSolution
		SolutionGuid = {3D33073B-8E70-4952-868A-579094918005}
	EndGlobalSection
EndGlobal
